// !$*UTF8*$!
{
	archiveVersion = 1;
	classes = {
	};
	objectVersion = 56;
	objects = {

/* Begin PBXBuildFile section */
		3D64A42C2B9C75C900F86AB3 /* SecurePasswordKeyChainDemoApp.swift in Sources */ = {isa = PBXBuildFile; fileRef = 3D64A42B2B9C75C900F86AB3 /* SecurePasswordKeyChainDemoApp.swift */; };
		3D64A42E2B9C75C900F86AB3 /* ContentView.swift in Sources */ = {isa = PBXBuildFile; fileRef = 3D64A42D2B9C75C900F86AB3 /* ContentView.swift */; };
		3D64A4302B9C75CA00F86AB3 /* Assets.xcassets in Resources */ = {isa = PBXBuildFile; fileRef = 3D64A42F2B9C75CA00F86AB3 /* Assets.xcassets */; };
		3D64A4332B9C75CA00F86AB3 /* Preview Assets.xcassets in Resources */ = {isa = PBXBuildFile; fileRef = 3D64A4322B9C75CA00F86AB3 /* Preview Assets.xcassets */; };
		3D64A4402B9C75DF00F86AB3 /* SecurePasswordKeyChainDemoTests.swift in Sources */ = {isa = PBXBuildFile; fileRef = 3D64A43F2B9C75DF00F86AB3 /* SecurePasswordKeyChainDemoTests.swift */; };
		3D64A4472B9C764E00F86AB3 /* SecurityWrapper.swift in Sources */ = {isa = PBXBuildFile; fileRef = 3D64A4462B9C764E00F86AB3 /* SecurityWrapper.swift */; };
/* End PBXBuildFile section */

/* Begin PBXContainerItemProxy section */
		3D64A4412B9C75DF00F86AB3 /* PBXContainerItemProxy */ = {
			isa = PBXContainerItemProxy;
			containerPortal = 3D64A4202B9C75C900F86AB3 /* Project object */;
			proxyType = 1;
			remoteGlobalIDString = 3D64A4272B9C75C900F86AB3;
			remoteInfo = SecurePasswordKeyChainDemo;
		};
/* End PBXContainerItemProxy section */

/* Begin PBXFileReference section */
		3D64A4282B9C75C900F86AB3 /* SecurePasswordKeyChainDemo.app */ = {isa = PBXFileReference; explicitFileType = wrapper.application; includeInIndex = 0; path = SecurePasswordKeyChainDemo.app; sourceTree = BUILT_PRODUCTS_DIR; };
		3D64A42B2B9C75C900F86AB3 /* SecurePasswordKeyChainDemoApp.swift */ = {isa = PBXFileReference; lastKnownFileType = sourcecode.swift; path = SecurePasswordKeyChainDemoApp.swift; sourceTree = "<group>"; };
		3D64A42D2B9C75C900F86AB3 /* ContentView.swift */ = {isa = PBXFileReference; lastKnownFileType = sourcecode.swift; path = ContentView.swift; sourceTree = "<group>"; };
		3D64A42F2B9C75CA00F86AB3 /* Assets.xcassets */ = {isa = PBXFileReference; lastKnownFileType = folder.assetcatalog; path = Assets.xcassets; sourceTree = "<group>"; };
		3D64A4322B9C75CA00F86AB3 /* Preview Assets.xcassets */ = {isa = PBXFileReference; lastKnownFileType = folder.assetcatalog; path = "Preview Assets.xcassets"; sourceTree = "<group>"; };
		3D64A43D2B9C75DF00F86AB3 /* SecurePasswordKeyChainDemoTests.xctest */ = {isa = PBXFileReference; explicitFileType = wrapper.cfbundle; includeInIndex = 0; path = SecurePasswordKeyChainDemoTests.xctest; sourceTree = BUILT_PRODUCTS_DIR; };
		3D64A43F2B9C75DF00F86AB3 /* SecurePasswordKeyChainDemoTests.swift */ = {isa = PBXFileReference; lastKnownFileType = sourcecode.swift; path = SecurePasswordKeyChainDemoTests.swift; sourceTree = "<group>"; };
		3D64A4462B9C764E00F86AB3 /* SecurityWrapper.swift */ = {isa = PBXFileReference; lastKnownFileType = sourcecode.swift; path = SecurityWrapper.swift; sourceTree = "<group>"; };
/* End PBXFileReference section */

/* Begin PBXFrameworksBuildPhase section */
		3D64A4252B9C75C900F86AB3 /* Frameworks */ = {
			isa = PBXFrameworksBuildPhase;
			buildActionMask = 2147483647;
			files = (
			);
			runOnlyForDeploymentPostprocessing = 0;
		};
		3D64A43A2B9C75DF00F86AB3 /* Frameworks */ = {
			isa = PBXFrameworksBuildPhase;
			buildActionMask = 2147483647;
			files = (
			);
			runOnlyForDeploymentPostprocessing = 0;
		};
/* End PBXFrameworksBuildPhase section */

/* Begin PBXGroup section */
		3D64A41F2B9C75C900F86AB3 = {
			isa = PBXGroup;
			children = (
				3D64A42A2B9C75C900F86AB3 /* SecurePasswordKeyChainDemo */,
				3D64A43E2B9C75DF00F86AB3 /* SecurePasswordKeyChainDemoTests */,
				3D64A4292B9C75C900F86AB3 /* Products */,
			);
			sourceTree = "<group>";
		};
		3D64A4292B9C75C900F86AB3 /* Products */ = {
			isa = PBXGroup;
			children = (
				3D64A4282B9C75C900F86AB3 /* SecurePasswordKeyChainDemo.app */,
				3D64A43D2B9C75DF00F86AB3 /* SecurePasswordKeyChainDemoTests.xctest */,
			);
			name = Products;
			sourceTree = "<group>";
		};
		3D64A42A2B9C75C900F86AB3 /* SecurePasswordKeyChainDemo */ = {
			isa = PBXGroup;
			children = (
				3D64A42B2B9C75C900F86AB3 /* SecurePasswordKeyChainDemoApp.swift */,
				3D64A42D2B9C75C900F86AB3 /* ContentView.swift */,
				3D64A4462B9C764E00F86AB3 /* SecurityWrapper.swift */,
				3D64A42F2B9C75CA00F86AB3 /* Assets.xcassets */,
				3D64A4312B9C75CA00F86AB3 /* Preview Content */,
			);
			path = SecurePasswordKeyChainDemo;
			sourceTree = "<group>";
		};
		3D64A4312B9C75CA00F86AB3 /* Preview Content */ = {
			isa = PBXGroup;
			children = (
				3D64A4322B9C75CA00F86AB3 /* Preview Assets.xcassets */,
			);
			path = "Preview Content";
			sourceTree = "<group>";
		};
		3D64A43E2B9C75DF00F86AB3 /* SecurePasswordKeyChainDemoTests */ = {
			isa = PBXGroup;
			children = (
				3D64A43F2B9C75DF00F86AB3 /* SecurePasswordKeyChainDemoTests.swift */,
			);
			path = SecurePasswordKeyChainDemoTests;
			sourceTree = "<group>";
		};
/* End PBXGroup section */

/* Begin PBXNativeTarget section */
		3D64A4272B9C75C900F86AB3 /* SecurePasswordKeyChainDemo */ = {
			isa = PBXNativeTarget;
			buildConfigurationList = 3D64A4362B9C75CA00F86AB3 /* Build configuration list for PBXNativeTarget "SecurePasswordKeyChainDemo" */;
			buildPhases = (
				3D64A4242B9C75C900F86AB3 /* Sources */,
				3D64A4252B9C75C900F86AB3 /* Frameworks */,
				3D64A4262B9C75C900F86AB3 /* Resources */,
			);
			buildRules = (
			);
			dependencies = (
			);
			name = SecurePasswordKeyChainDemo;
			productName = SecurePasswordKeyChainDemo;
			productReference = 3D64A4282B9C75C900F86AB3 /* SecurePasswordKeyChainDemo.app */;
			productType = "com.apple.product-type.application";
		};
		3D64A43C2B9C75DF00F86AB3 /* SecurePasswordKeyChainDemoTests */ = {
			isa = PBXNativeTarget;
			buildConfigurationList = 3D64A4432B9C75DF00F86AB3 /* Build configuration list for PBXNativeTarget "SecurePasswordKeyChainDemoTests" */;
			buildPhases = (
				3D64A4392B9C75DF00F86AB3 /* Sources */,
				3D64A43A2B9C75DF00F86AB3 /* Frameworks */,
				3D64A43B2B9C75DF00F86AB3 /* Resources */,
			);
			buildRules = (
			);
			dependencies = (
				3D64A4422B9C75DF00F86AB3 /* PBXTargetDependency */,
			);
			name = SecurePasswordKeyChainDemoTests;
			productName = SecurePasswordKeyChainDemoTests;
			productReference = 3D64A43D2B9C75DF00F86AB3 /* SecurePasswordKeyChainDemoTests.xctest */;
			productType = "com.apple.product-type.bundle.unit-test";
		};
/* End PBXNativeTarget section */

/* Begin PBXProject section */
		3D64A4202B9C75C900F86AB3 /* Project object */ = {
			isa = PBXProject;
			attributes = {
				BuildIndependentTargetsInParallel = 1;
				LastSwiftUpdateCheck = 1510;
				LastUpgradeCheck = 1510;
				TargetAttributes = {
					3D64A4272B9C75C900F86AB3 = {
						CreatedOnToolsVersion = 15.1;
					};
					3D64A43C2B9C75DF00F86AB3 = {
						CreatedOnToolsVersion = 15.1;
						TestTargetID = 3D64A4272B9C75C900F86AB3;
					};
				};
			};
			buildConfigurationList = 3D64A4232B9C75C900F86AB3 /* Build configuration list for PBXProject "SecurePasswordKeyChainDemo" */;
			compatibilityVersion = "Xcode 14.0";
			developmentRegion = en;
			hasScannedForEncodings = 0;
			knownRegions = (
				en,
				Base,
			);
			mainGroup = 3D64A41F2B9C75C900F86AB3;
			productRefGroup = 3D64A4292B9C75C900F86AB3 /* Products */;
			projectDirPath = "";
			projectRoot = "";
			targets = (
				3D64A4272B9C75C900F86AB3 /* SecurePasswordKeyChainDemo */,
				3D64A43C2B9C75DF00F86AB3 /* SecurePasswordKeyChainDemoTests */,
			);
		};
/* End PBXProject section */

/* Begin PBXResourcesBuildPhase section */
		3D64A4262B9C75C900F86AB3 /* Resources */ = {
			isa = PBXResourcesBuildPhase;
			buildActionMask = 2147483647;
			files = (
				3D64A4332B9C75CA00F86AB3 /* Preview Assets.xcassets in Resources */,
				3D64A4302B9C75CA00F86AB3 /* Assets.xcassets in Resources */,
			);
			runOnlyForDeploymentPostprocessing = 0;
		};
		3D64A43B2B9C75DF00F86AB3 /* Resources */ = {
			isa = PBXResourcesBuildPhase;
			buildActionMask = 2147483647;
			files = (
			);
			runOnlyForDeploymentPostprocessing = 0;
		};
/* End PBXResourcesBuildPhase section */

/* Begin PBXSourcesBuildPhase section */
		3D64A4242B9C75C900F86AB3 /* Sources */ = {
			isa = PBXSourcesBuildPhase;
			buildActionMask = 2147483647;
			files = (
				3D64A42E2B9C75C900F86AB3 /* ContentView.swift in Sources */,
				3D64A4472B9C764E00F86AB3 /* SecurityWrapper.swift in Sources */,
				3D64A42C2B9C75C900F86AB3 /* SecurePasswordKeyChainDemoApp.swift in Sources */,
			);
			runOnlyForDeploymentPostprocessing = 0;
		};
		3D64A4392B9C75DF00F86AB3 /* Sources */ = {
			isa = PBXSourcesBuildPhase;
			buildActionMask = 2147483647;
			files = (
				3D64A4402B9C75DF00F86AB3 /* SecurePasswordKeyChainDemoTests.swift in Sources */,
			);
			runOnlyForDeploymentPostprocessing = 0;
		};
/* End PBXSourcesBuildPhase section */

/* Begin PBXTargetDependency section */
		3D64A4422B9C75DF00F86AB3 /* PBXTargetDependency */ = {
			isa = PBXTargetDependency;
			target = 3D64A4272B9C75C900F86AB3 /* SecurePasswordKeyChainDemo */;
			targetProxy = 3D64A4412B9C75DF00F86AB3 /* PBXContainerItemProxy */;
		};
/* End PBXTargetDependency section */

/* Begin XCBuildConfiguration section */
		3D64A4342B9C75CA00F86AB3 /* Debug */ = {
			isa = XCBuildConfiguration;
			buildSettings = {
				ALWAYS_SEARCH_USER_PATHS = NO;
				ASSETCATALOG_COMPILER_GENERATE_SWIFT_ASSET_SYMBOL_EXTENSIONS = YES;
				CLANG_ANALYZER_NONNULL = YES;
				CLANG_ANALYZER_NUMBER_OBJECT_CONVERSION = YES_AGGRESSIVE;
				CLANG_CXX_LANGUAGE_STANDARD = "gnu++20";
				CLANG_ENABLE_MODULES = YES;
				CLANG_ENABLE_OBJC_ARC = YES;
				CLANG_ENABLE_OBJC_WEAK = YES;
				CLANG_WARN_BLOCK_CAPTURE_AUTORELEASING = YES;
				CLANG_WARN_BOOL_CONVERSION = YES;
				CLANG_WARN_COMMA = YES;
				CLANG_WARN_CONSTANT_CONVERSION = YES;
				CLANG_WARN_DEPRECATED_OBJC_IMPLEMENTATIONS = YES;
				CLANG_WARN_DIRECT_OBJC_ISA_USAGE = YES_ERROR;
				CLANG_WARN_DOCUMENTATION_COMMENTS = YES;
				CLANG_WARN_EMPTY_BODY = YES;
				CLANG_WARN_ENUM_CONVERSION = YES;
				CLANG_WARN_INFINITE_RECURSION = YES;
				CLANG_WARN_INT_CONVERSION = YES;
				CLANG_WARN_NON_LITERAL_NULL_CONVERSION = YES;
				CLANG_WARN_OBJC_IMPLICIT_RETAIN_SELF = YES;
				CLANG_WARN_OBJC_LITERAL_CONVERSION = YES;
				CLANG_WARN_OBJC_ROOT_CLASS = YES_ERROR;
				CLANG_WARN_QUOTED_INCLUDE_IN_FRAMEWORK_HEADER = YES;
				CLANG_WARN_RANGE_LOOP_ANALYSIS = YES;
				CLANG_WARN_STRICT_PROTOTYPES = YES;
				CLANG_WARN_SUSPICIOUS_MOVE = YES;
				CLANG_WARN_UNGUARDED_AVAILABILITY = YES_AGGRESSIVE;
				CLANG_WARN_UNREACHABLE_CODE = YES;
				CLANG_WARN__DUPLICATE_METHOD_MATCH = YES;
				COPY_PHASE_STRIP = NO;
				DEBUG_INFORMATION_FORMAT = dwarf;
				ENABLE_STRICT_OBJC_MSGSEND = YES;
				ENABLE_TESTABILITY = YES;
				ENABLE_USER_SCRIPT_SANDBOXING = YES;
				GCC_C_LANGUAGE_STANDARD = gnu17;
				GCC_DYNAMIC_NO_PIC = NO;
				GCC_NO_COMMON_BLOCKS = YES;
				GCC_OPTIMIZATION_LEVEL = 0;
				GCC_PREPROCESSOR_DEFINITIONS = (
					"DEBUG=1",
					"$(inherited)",
				);
				GCC_WARN_64_TO_32_BIT_CONVERSION = YES;
				GCC_WARN_ABOUT_RETURN_TYPE = YES_ERROR;
				GCC_WARN_UNDECLARED_SELECTOR = YES;
				GCC_WARN_UNINITIALIZED_AUTOS = YES_AGGRESSIVE;
				GCC_WARN_UNUSED_FUNCTION = YES;
				GCC_WARN_UNUSED_VARIABLE = YES;
				IPHONEOS_DEPLOYMENT_TARGET = 17.2;
				LOCALIZATION_PREFERS_STRING_CATALOGS = YES;
				MTL_ENABLE_DEBUG_INFO = INCLUDE_SOURCE;
				MTL_FAST_MATH = YES;
				ONLY_ACTIVE_ARCH = YES;
				SDKROOT = iphoneos;
				SWIFT_ACTIVE_COMPILATION_CONDITIONS = "DEBUG $(inherited)";
				SWIFT_OPTIMIZATION_LEVEL = "-Onone";
			};
			name = Debug;
		};
		3D64A4352B9C75CA00F86AB3 /* Release */ = {
			isa = XCBuildConfiguration;
			buildSettings = {
				ALWAYS_SEARCH_USER_PATHS = NO;
				ASSETCATALOG_COMPILER_GENERATE_SWIFT_ASSET_SYMBOL_EXTENSIONS = YES;
				CLANG_ANALYZER_NONNULL = YES;
				CLANG_ANALYZER_NUMBER_OBJECT_CONVERSION = YES_AGGRESSIVE;
				CLANG_CXX_LANGUAGE_STANDARD = "gnu++20";
				CLANG_ENABLE_MODULES = YES;
				CLANG_ENABLE_OBJC_ARC = YES;
				CLANG_ENABLE_OBJC_WEAK = YES;
				CLANG_WARN_BLOCK_CAPTURE_AUTORELEASING = YES;
				CLANG_WARN_BOOL_CONVERSION = YES;
				CLANG_WARN_COMMA = YES;
				CLANG_WARN_CONSTANT_CONVERSION = YES;
				CLANG_WARN_DEPRECATED_OBJC_IMPLEMENTATIONS = YES;
				CLANG_WARN_DIRECT_OBJC_ISA_USAGE = YES_ERROR;
				CLANG_WARN_DOCUMENTATION_COMMENTS = YES;
				CLANG_WARN_EMPTY_BODY = YES;
				CLANG_WARN_ENUM_CONVERSION = YES;
				CLANG_WARN_INFINITE_RECURSION = YES;
				CLANG_WARN_INT_CONVERSION = YES;
				CLANG_WARN_NON_LITERAL_NULL_CONVERSION = YES;
				CLANG_WARN_OBJC_IMPLICIT_RETAIN_SELF = YES;
				CLANG_WARN_OBJC_LITERAL_CONVERSION = YES;
				CLANG_WARN_OBJC_ROOT_CLASS = YES_ERROR;
				CLANG_WARN_QUOTED_INCLUDE_IN_FRAMEWORK_HEADER = YES;
				CLANG_WARN_RANGE_LOOP_ANALYSIS = YES;
				CLANG_WARN_STRICT_PROTOTYPES = YES;
				CLANG_WARN_SUSPICIOUS_MOVE = YES;
				CLANG_WARN_UNGUARDED_AVAILABILITY = YES_AGGRESSIVE;
				CLANG_WARN_UNREACHABLE_CODE = YES;
				CLANG_WARN__DUPLICATE_METHOD_MATCH = YES;
				COPY_PHASE_STRIP = NO;
				DEBUG_INFORMATION_FORMAT = "dwarf-with-dsym";
				ENABLE_NS_ASSERTIONS = NO;
				ENABLE_STRICT_OBJC_MSGSEND = YES;
				ENABLE_USER_SCRIPT_SANDBOXING = YES;
				GCC_C_LANGUAGE_STANDARD = gnu17;
				GCC_NO_COMMON_BLOCKS = YES;
				GCC_WARN_64_TO_32_BIT_CONVERSION = YES;
				GCC_WARN_ABOUT_RETURN_TYPE = YES_ERROR;
				GCC_WARN_UNDECLARED_SELECTOR = YES;
				GCC_WARN_UNINITIALIZED_AUTOS = YES_AGGRESSIVE;
				GCC_WARN_UNUSED_FUNCTION = YES;
				GCC_WARN_UNUSED_VARIABLE = YES;
				IPHONEOS_DEPLOYMENT_TARGET = 17.2;
				LOCALIZATION_PREFERS_STRING_CATALOGS = YES;
				MTL_ENABLE_DEBUG_INFO = NO;
				MTL_FAST_MATH = YES;
				SDKROOT = iphoneos;
				SWIFT_COMPILATION_MODE = wholemodule;
				VALIDATE_PRODUCT = YES;
			};
			name = Release;
		};
		3D64A4372B9C75CA00F86AB3 /* Debug */ = {
			isa = XCBuildConfiguration;
			buildSettings = {
				ASSETCATALOG_COMPILER_APPICON_NAME = AppIcon;
				ASSETCATALOG_COMPILER_GLOBAL_ACCENT_COLOR_NAME = AccentColor;
				CODE_SIGN_STYLE = Automatic;
				CURRENT_PROJECT_VERSION = 1;
				DEVELOPMENT_ASSET_PATHS = "\"SecurePasswordKeyChainDemo/Preview Content\"";
				DEVELOPMENT_TEAM = K9V8ERLS88;
				ENABLE_PREVIEWS = YES;
				GENERATE_INFOPLIST_FILE = YES;
				INFOPLIST_KEY_UIApplicationSceneManifest_Generation = YES;
				INFOPLIST_KEY_UIApplicationSupportsIndirectInputEvents = YES;
				INFOPLIST_KEY_UILaunchScreen_Generation = YES;
				INFOPLIST_KEY_UISupportedInterfaceOrientations_iPad = "UIInterfaceOrientationPortrait UIInterfaceOrientationPortraitUpsideDown UIInterfaceOrientationLandscapeLeft UIInterfaceOrientationLandscapeRight";
				INFOPLIST_KEY_UISupportedInterfaceOrientations_iPhone = "UIInterfaceOrientationPortrait UIInterfaceOrientationLandscapeLeft UIInterfaceOrientationLandscapeRight";
				LD_RUNPATH_SEARCH_PATHS = (
					"$(inherited)",
					"@executable_path/Frameworks",
				);
				MARKETING_VERSION = 1.0;
				PRODUCT_BUNDLE_IDENTIFIER = self.ravikanth.SecurePasswordKeyChainDemo;
				PRODUCT_NAME = "$(TARGET_NAME)";
				SWIFT_EMIT_LOC_STRINGS = YES;
				SWIFT_VERSION = 5.0;
				TARGETED_DEVICE_FAMILY = "1,2";
			};
			name = Debug;
		};
		3D64A4382B9C75CA00F86AB3 /* Release */ = {
			isa = XCBuildConfiguration;
			buildSettings = {
				ASSETCATALOG_COMPILER_APPICON_NAME = AppIcon;
				ASSETCATALOG_COMPILER_GLOBAL_ACCENT_COLOR_NAME = AccentColor;
				CODE_SIGN_STYLE = Automatic;
				CURRENT_PROJECT_VERSION = 1;
				DEVELOPMENT_ASSET_PATHS = "\"SecurePasswordKeyChainDemo/Preview Content\"";
				DEVELOPMENT_TEAM = K9V8ERLS88;
				ENABLE_PREVIEWS = YES;
				GENERATE_INFOPLIST_FILE = YES;
				INFOPLIST_KEY_UIApplicationSceneManifest_Generation = YES;
				INFOPLIST_KEY_UIApplicationSupportsIndirectInputEvents = YES;
				INFOPLIST_KEY_UILaunchScreen_Generation = YES;
				INFOPLIST_KEY_UISupportedInterfaceOrientations_iPad = "UIInterfaceOrientationPortrait UIInterfaceOrientationPortraitUpsideDown UIInterfaceOrientationLandscapeLeft UIInterfaceOrientationLandscapeRight";
				INFOPLIST_KEY_UISupportedInterfaceOrientations_iPhone = "UIInterfaceOrientationPortrait UIInterfaceOrientationLandscapeLeft UIInterfaceOrientationLandscapeRight";
				LD_RUNPATH_SEARCH_PATHS = (
					"$(inherited)",
					"@executable_path/Frameworks",
				);
				MARKETING_VERSION = 1.0;
				PRODUCT_BUNDLE_IDENTIFIER = self.ravikanth.SecurePasswordKeyChainDemo;
				PRODUCT_NAME = "$(TARGET_NAME)";
				SWIFT_EMIT_LOC_STRINGS = YES;
				SWIFT_VERSION = 5.0;
				TARGETED_DEVICE_FAMILY = "1,2";
			};
			name = Release;
		};
		3D64A4442B9C75DF00F86AB3 /* Debug */ = {
			isa = XCBuildConfiguration;
			buildSettings = {
				BUNDLE_LOADER = "$(TEST_HOST)";
				CODE_SIGN_STYLE = Automatic;
				CURRENT_PROJECT_VERSION = 1;
				DEVELOPMENT_TEAM = K9V8ERLS88;
				GENERATE_INFOPLIST_FILE = YES;
				MARKETING_VERSION = 1.0;
				PRODUCT_BUNDLE_IDENTIFIER = self.ravikanth.SecurePasswordKeyChainDemoTests;
				PRODUCT_NAME = "$(TARGET_NAME)";
				SWIFT_EMIT_LOC_STRINGS = NO;
				SWIFT_VERSION = 5.0;
				TARGETED_DEVICE_FAMILY = "1,2";
				TEST_HOST = "$(BUILT_PRODUCTS_DIR)/SecurePasswordKeyChainDemo.app/$(BUNDLE_EXECUTABLE_FOLDER_PATH)/SecurePasswordKeyChainDemo";
			};
			name = Debug;
		};
		3D64A4452B9C75DF00F86AB3 /* Release */ = {
			isa = XCBuildConfiguration;
			buildSettings = {
				BUNDLE_LOADER = "$(TEST_HOST)";
				CODE_SIGN_STYLE = Automatic;
				CURRENT_PROJECT_VERSION = 1;
				DEVELOPMENT_TEAM = K9V8ERLS88;
				GENERATE_INFOPLIST_FILE = YES;
				MARKETING_VERSION = 1.0;
				PRODUCT_BUNDLE_IDENTIFIER = self.ravikanth.SecurePasswordKeyChainDemoTests;
				PRODUCT_NAME = "$(TARGET_NAME)";
				SWIFT_EMIT_LOC_STRINGS = NO;
				SWIFT_VERSION = 5.0;
				TARGETED_DEVICE_FAMILY = "1,2";
				TEST_HOST = "$(BUILT_PRODUCTS_DIR)/SecurePasswordKeyChainDemo.app/$(BUNDLE_EXECUTABLE_FOLDER_PATH)/SecurePasswordKeyChainDemo";
			};
			name = Release;
		};
/* End XCBuildConfiguration section */

/* Begin XCConfigurationList section */
		3D64A4232B9C75C900F86AB3 /* Build configuration list for PBXProject "SecurePasswordKeyChainDemo" */ = {
			isa = XCConfigurationList;
			buildConfigurations = (
				3D64A4342B9C75CA00F86AB3 /* Debug */,
				3D64A4352B9C75CA00F86AB3 /* Release */,
			);
			defaultConfigurationIsVisible = 0;
			defaultConfigurationName = Release;
		};
		3D64A4362B9C75CA00F86AB3 /* Build configuration list for PBXNativeTarget "SecurePasswordKeyChainDemo" */ = {
			isa = XCConfigurationList;
			buildConfigurations = (
				3D64A4372B9C75CA00F86AB3 /* Debug */,
				3D64A4382B9C75CA00F86AB3 /* Release */,
			);
			defaultConfigurationIsVisible = 0;
			defaultConfigurationName = Release;
		};
		3D64A4432B9C75DF00F86AB3 /* Build configuration list for PBXNativeTarget "SecurePasswordKeyChainDemoTests" */ = {
			isa = XCConfigurationList;
			buildConfigurations = (
				3D64A4442B9C75DF00F86AB3 /* Debug */,
				3D64A4452B9C75DF00F86AB3 /* Release */,
			);
			defaultConfigurationIsVisible = 0;
			defaultConfigurationName = Release;
		};
/* End XCConfigurationList section */
	};
	rootObject = 3D64A4202B9C75C900F86AB3 /* Project object */;
}
